
Microsoft Visual Studio Solution File, Format Version 12.00
# Visual Studio Version 16
VisualStudioVersion = 16.0.32802.440
MinimumVisualStudioVersion = 10.0.40219.1
Project("{FAE04EC0-301F-11D3-BF4B-00C04F79EFBC}") = "KutuphaneOtomasyonWinForm", "KutuphaneOtomasyonWinForm\KutuphaneOtomasyonWinForm.csproj", "{83BFE58C-E7BE-4225-9A7A-1F6583498053}"
EndProject
Global
	GlobalSection(SolutionConfigurationPlatforms) = preSolution
		Debug|Any CPU = Debug|Any CPU
		Release|Any CPU = Release|Any CPU
	EndGlobalSection
	GlobalSection(ProjectConfigurationPlatforms) = postSolution
		{83BFE58C-E7BE-4225-9A7A-1F6583498053}.Debug|Any CPU.ActiveCfg = Debug|Any CPU
		{83BFE58C-E7BE-4225-9A7A-1F6583498053}.Debug|Any CPU.Build.0 = Debug|Any CPU
		{83BFE58C-E7BE-4225-9A7A-1F6583498053}.Release|Any CPU.ActiveCfg = Release|Any CPU
		{83BFE58C-E7BE-4225-9A7A-1F6583498053}.Release|Any CPU.Build.0 = Release|Any CPU
	EndGlobalSection
	GlobalSection(SolutionProperties) = preSolution
		HideSolutionNode = FALSE
	EndGlobalSection
	GlobalSection(ExtensibilityGlobals) = postSolution
		SolutionGuid = {E9F27C35-482A-4AF1-9121-EE3B7CD0B75A}
	EndGlobalSection
EndGlobal
